
Microsoft Visual Studio Solution File, Format Version 12.00
# Visual Studio Version 16
VisualStudioVersion = 16.0.32510.428
MinimumVisualStudioVersion = 10.0.40219.1
Project("{FAE04EC0-301F-11D3-BF4B-00C04F79EFBC}") = "WinFormsAppEntityFrameworkTest", "WinFormsAppEntityFrameworkTest\WinFormsAppEntityFrameworkTest.csproj", "{C68A7086-6FCF-499B-98D4-12C0FB3ED664}"
EndProject
Global
	GlobalSection(SolutionConfigurationPlatforms) = preSolution
		Debug|Any CPU = Debug|Any CPU
		Release|Any CPU = Release|Any CPU
	EndGlobalSection
	GlobalSection(ProjectConfigurationPlatforms) = postSolution
		{C68A7086-6FCF-499B-98D4-12C0FB3ED664}.Debug|Any CPU.ActiveCfg = Debug|Any CPU
		{C68A7086-6FCF-499B-98D4-12C0FB3ED664}.Debug|Any CPU.Build.0 = Debug|Any CPU
		{C68A7086-6FCF-499B-98D4-12C0FB3ED664}.Release|Any CPU.ActiveCfg = Release|Any CPU
		{C68A7086-6FCF-499B-98D4-12C0FB3ED664}.Release|Any CPU.Build.0 = Release|Any CPU
	EndGlobalSection
	GlobalSection(SolutionProperties) = preSolution
		HideSolutionNode = FALSE
	EndGlobalSection
	GlobalSection(ExtensibilityGlobals) = postSolution
		SolutionGuid = {845D9911-649D-4592-B3B6-5D98D4E67FE4}
	EndGlobalSection
EndGlobal
